
Microsoft Visual Studio Solution File, Format Version 12.00
# Visual Studio Version 17
VisualStudioVersion = 17.0.32112.339
MinimumVisualStudioVersion = 10.0.40219.1
Project("{FAE04EC0-301F-11D3-BF4B-00C04F79EFBC}") = "EmptyWebApi", "EmptyWebApi\EmptyWebApi.csproj", "{B01AA36D-F90E-401D-A8F1-7013323BFD1C}"
EndProject
Global
	GlobalSection(SolutionConfigurationPlatforms) = preSolution
		Debug|Any CPU = Debug|Any CPU
		Release|Any CPU = Release|Any CPU
	EndGlobalSection
	GlobalSection(ProjectConfigurationPlatforms) = postSolution
		{B01AA36D-F90E-401D-A8F1-7013323BFD1C}.Debug|Any CPU.ActiveCfg = Debug|Any CPU
		{B01AA36D-F90E-401D-A8F1-7013323BFD1C}.Debug|Any CPU.Build.0 = Debug|Any CPU
		{B01AA36D-F90E-401D-A8F1-7013323BFD1C}.Release|Any CPU.ActiveCfg = Release|Any CPU
		{B01AA36D-F90E-401D-A8F1-7013323BFD1C}.Release|Any CPU.Build.0 = Release|Any CPU
	EndGlobalSection
	GlobalSection(SolutionProperties) = preSolution
		HideSolutionNode = FALSE
	EndGlobalSection
	GlobalSection(ExtensibilityGlobals) = postSolution
		SolutionGuid = {6079A544-9717-486F-9A1A-A1099191B82C}
	EndGlobalSection
EndGlobal
