
Microsoft Visual Studio Solution File, Format Version 12.00
# Visual Studio Version 17
VisualStudioVersion = 17.0.32112.339
MinimumVisualStudioVersion = 10.0.40219.1
Project("{FAE04EC0-301F-11D3-BF4B-00C04F79EFBC}") = "MyCV", "MyCV\MyCV.csproj", "{F0038256-84D5-4F5F-93FB-B5878EE9C009}"
EndProject
Global
	GlobalSection(SolutionConfigurationPlatforms) = preSolution
		Debug|Any CPU = Debug|Any CPU
		Release|Any CPU = Release|Any CPU
	EndGlobalSection
	GlobalSection(ProjectConfigurationPlatforms) = postSolution
		{F0038256-84D5-4F5F-93FB-B5878EE9C009}.Debug|Any CPU.ActiveCfg = Debug|Any CPU
		{F0038256-84D5-4F5F-93FB-B5878EE9C009}.Debug|Any CPU.Build.0 = Debug|Any CPU
		{F0038256-84D5-4F5F-93FB-B5878EE9C009}.Release|Any CPU.ActiveCfg = Release|Any CPU
		{F0038256-84D5-4F5F-93FB-B5878EE9C009}.Release|Any CPU.Build.0 = Release|Any CPU
	EndGlobalSection
	GlobalSection(SolutionProperties) = preSolution
		HideSolutionNode = FALSE
	EndGlobalSection
	GlobalSection(ExtensibilityGlobals) = postSolution
		SolutionGuid = {97757DA7-4443-42DE-AADF-B1F2755F3611}
	EndGlobalSection
EndGlobal
